dependencies:
  espressif/esp32-camera:
    component_hash: 154da98781f3ee98f6dbbdd3aaec97497051fb1a570c300fc0fd3a946874a02e
    source:
      service_url: https://api.components.espressif.com/
      type: service
    version: 2.0.12
  idf:
    component_hash: null
    source:
      type: idf
    version: 5.0.6
manifest_hash: ee3ce801e9234146ce530e9271788018d1d7a6d0181f2dfd5361dcc67e668eed
target: esp32s3
version: 1.0.0
