dependencies:
  espressif/es8311:
    component_hash: 46b3117250344bb03f143d5e2becf81cfb111679fbd7b95cefc2d302d36cc393
    dependencies:
    - name: idf
      registry_url: https://components.espressif.com
      require: private
      version: '>=4.4,<6.0'
    source:
      registry_url: https://components.espressif.com/
      type: service
    version: 1.0.0~1
  espressif/esp32-camera:
    component_hash: 154da98781f3ee98f6dbbdd3aaec97497051fb1a570c300fc0fd3a946874a02e
    dependencies: []
    source:
      registry_url: https://components.espressif.com/
      type: service
    version: 2.0.12
  espressif/esp_audio_codec:
    component_hash: e3e82e7b3c1846c479162c77f38d624910501112b385f9ad1f8cc998c76f70ce
    dependencies:
    - name: idf
      require: private
      version: '>=4.4'
    source:
      registry_url: https://components.espressif.com/
      type: service
    version: 2.0.2
  espressif/esp_codec_dev:
    component_hash: af363202469b2bbecc87f3268729adf37c18c886eba55cab4c268cc9be25b6af
    dependencies:
    - name: idf
      require: private
      version: '>=4.0'
    source:
      registry_url: https://components.espressif.com/
      type: service
    version: 1.3.2
  idf:
    source:
      type: idf
    version: 5.3.1
direct_dependencies:
- espressif/es8311
- espressif/esp32-camera
- espressif/esp_audio_codec
- espressif/esp_codec_dev
manifest_hash: 895cd5ffe5488e6475da2feafc7bdbf17f1421f6b31e6012517537af095d716e
target: esp32s3
version: 2.0.0
